{
    "name": "css-chain",
    "version": "1.1.8",
    "lockfileVersion": 2,
    "requires": true,
    "packages": {
        "": {
            "name": "css-chain",
            "version": "1.1.8",
            "license": "Apache-2.0",
            "funding": {
                "type": "patreon",
                "url": "https://www.patreon.com/sashafirsov"
            }
        }
    }
}
